
Microsoft Visual Studio Solution File, Format Version 12.00
# Visual Studio Version 17
VisualStudioVersion = 17.10.35122.118
MinimumVisualStudioVersion = 10.0.40219.1
Project("{FAE04EC0-301F-11D3-BF4B-00C04F79EFBC}") = "Operaciones.matematicas", "Operaciones.matematicas\Operaciones.matematicas.csproj", "{C82948DC-487F-4C55-8D9D-B313427A98C3}"
EndProject
Global
	GlobalSection(SolutionConfigurationPlatforms) = preSolution
		Debug|Any CPU = Debug|Any CPU
		Release|Any CPU = Release|Any CPU
	EndGlobalSection
	GlobalSection(ProjectConfigurationPlatforms) = postSolution
		{C82948DC-487F-4C55-8D9D-B313427A98C3}.Debug|Any CPU.ActiveCfg = Debug|Any CPU
		{C82948DC-487F-4C55-8D9D-B313427A98C3}.Debug|Any CPU.Build.0 = Debug|Any CPU
		{C82948DC-487F-4C55-8D9D-B313427A98C3}.Release|Any CPU.ActiveCfg = Release|Any CPU
		{C82948DC-487F-4C55-8D9D-B313427A98C3}.Release|Any CPU.Build.0 = Release|Any CPU
	EndGlobalSection
	GlobalSection(SolutionProperties) = preSolution
		HideSolutionNode = FALSE
	EndGlobalSection
	GlobalSection(ExtensibilityGlobals) = postSolution
		SolutionGuid = {953AF595-FC81-4E61-90AA-6EBFA4F626A6}
	EndGlobalSection
EndGlobal
